
Microsoft Visual Studio Solution File, Format Version 12.00
# Visual Studio Version 16
VisualStudioVersion = 16.0.31515.178
MinimumVisualStudioVersion = 10.0.40219.1
Project("{FAE04EC0-301F-11D3-BF4B-00C04F79EFBC}") = "MockHealth", "MockHealth.csproj", "{AEC556AC-6A9C-46DD-A4F2-CBD89B431D00}"
EndProject
Global
	GlobalSection(SolutionConfigurationPlatforms) = preSolution
		Debug|Any CPU = Debug|Any CPU
		Release|Any CPU = Release|Any CPU
	EndGlobalSection
	GlobalSection(ProjectConfigurationPlatforms) = postSolution
		{AEC556AC-6A9C-46DD-A4F2-CBD89B431D00}.Debug|Any CPU.ActiveCfg = Debug|Any CPU
		{AEC556AC-6A9C-46DD-A4F2-CBD89B431D00}.Debug|Any CPU.Build.0 = Debug|Any CPU
		{AEC556AC-6A9C-46DD-A4F2-CBD89B431D00}.Release|Any CPU.ActiveCfg = Release|Any CPU
		{AEC556AC-6A9C-46DD-A4F2-CBD89B431D00}.Release|Any CPU.Build.0 = Release|Any CPU
	EndGlobalSection
	GlobalSection(SolutionProperties) = preSolution
		HideSolutionNode = FALSE
	EndGlobalSection
	GlobalSection(ExtensibilityGlobals) = postSolution
		SolutionGuid = {5F0C574C-7AE4-4C01-BFC8-E3CECE64AD66}
	EndGlobalSection
EndGlobal
